
Microsoft Visual Studio Solution File, Format Version 12.00
# Visual Studio Version 16
VisualStudioVersion = 16.0.29728.190
MinimumVisualStudioVersion = 10.0.40219.1
Project("{FAE04EC0-301F-11D3-BF4B-00C04F79EFBC}") = "Blog.Web", "Blog\Blog.Web.csproj", "{AAE8F29A-0D6F-4DC9-89AE-A53FDDE0CDF1}"
EndProject
Project("{FAE04EC0-301F-11D3-BF4B-00C04F79EFBC}") = "Blog.Controllers", "Blog.Controllers\Blog.Controllers.csproj", "{DC339841-6BA3-46A3-BC5D-953CBCFD06B3}"
EndProject
Project("{FAE04EC0-301F-11D3-BF4B-00C04F79EFBC}") = "Blog.Data", "Blog.Data\Blog.Data.csproj", "{B81727BE-9624-4A2E-B152-A03D0BC1C1CC}"
EndProject
Project("{FAE04EC0-301F-11D3-BF4B-00C04F79EFBC}") = "Blog.Services", "Blog.Services\Blog.Services.csproj", "{0BFB07A4-4B9A-4CF3-B060-1AA28174F57B}"
EndProject
Project("{FAE04EC0-301F-11D3-BF4B-00C04F79EFBC}") = "Blog.Test", "Blog.Test\Blog.Test.csproj", "{962625B7-1F15-48F3-A82D-72764E15D2E3}"
EndProject
Global
	GlobalSection(SolutionConfigurationPlatforms) = preSolution
		Debug|Any CPU = Debug|Any CPU
		Release|Any CPU = Release|Any CPU
	EndGlobalSection
	GlobalSection(ProjectConfigurationPlatforms) = postSolution
		{AAE8F29A-0D6F-4DC9-89AE-A53FDDE0CDF1}.Debug|Any CPU.ActiveCfg = Debug|Any CPU
		{AAE8F29A-0D6F-4DC9-89AE-A53FDDE0CDF1}.Debug|Any CPU.Build.0 = Debug|Any CPU
		{AAE8F29A-0D6F-4DC9-89AE-A53FDDE0CDF1}.Release|Any CPU.ActiveCfg = Release|Any CPU
		{AAE8F29A-0D6F-4DC9-89AE-A53FDDE0CDF1}.Release|Any CPU.Build.0 = Release|Any CPU
		{DC339841-6BA3-46A3-BC5D-953CBCFD06B3}.Debug|Any CPU.ActiveCfg = Debug|Any CPU
		{DC339841-6BA3-46A3-BC5D-953CBCFD06B3}.Debug|Any CPU.Build.0 = Debug|Any CPU
		{DC339841-6BA3-46A3-BC5D-953CBCFD06B3}.Release|Any CPU.ActiveCfg = Release|Any CPU
		{DC339841-6BA3-46A3-BC5D-953CBCFD06B3}.Release|Any CPU.Build.0 = Release|Any CPU
		{B81727BE-9624-4A2E-B152-A03D0BC1C1CC}.Debug|Any CPU.ActiveCfg = Debug|Any CPU
		{B81727BE-9624-4A2E-B152-A03D0BC1C1CC}.Debug|Any CPU.Build.0 = Debug|Any CPU
		{B81727BE-9624-4A2E-B152-A03D0BC1C1CC}.Release|Any CPU.ActiveCfg = Release|Any CPU
		{B81727BE-9624-4A2E-B152-A03D0BC1C1CC}.Release|Any CPU.Build.0 = Release|Any CPU
		{0BFB07A4-4B9A-4CF3-B060-1AA28174F57B}.Debug|Any CPU.ActiveCfg = Debug|Any CPU
		{0BFB07A4-4B9A-4CF3-B060-1AA28174F57B}.Debug|Any CPU.Build.0 = Debug|Any CPU
		{0BFB07A4-4B9A-4CF3-B060-1AA28174F57B}.Release|Any CPU.ActiveCfg = Release|Any CPU
		{0BFB07A4-4B9A-4CF3-B060-1AA28174F57B}.Release|Any CPU.Build.0 = Release|Any CPU
		{962625B7-1F15-48F3-A82D-72764E15D2E3}.Debug|Any CPU.ActiveCfg = Debug|Any CPU
		{962625B7-1F15-48F3-A82D-72764E15D2E3}.Debug|Any CPU.Build.0 = Debug|Any CPU
		{962625B7-1F15-48F3-A82D-72764E15D2E3}.Release|Any CPU.ActiveCfg = Release|Any CPU
		{962625B7-1F15-48F3-A82D-72764E15D2E3}.Release|Any CPU.Build.0 = Release|Any CPU
	EndGlobalSection
	GlobalSection(SolutionProperties) = preSolution
		HideSolutionNode = FALSE
	EndGlobalSection
	GlobalSection(ExtensibilityGlobals) = postSolution
		SolutionGuid = {AF6C1A6F-ACAA-49F2-AE47-38824B168F0F}
	EndGlobalSection
EndGlobal
